
Microsoft Visual Studio Solution File, Format Version 12.00
# Visual Studio 15
VisualStudioVersion = 15.0.28307.779
MinimumVisualStudioVersion = 10.0.40219.1
Project("{FAE04EC0-301F-11D3-BF4B-00C04F79EFBC}") = "Assignment2", "Assignment2\Assignment2.csproj", "{C762737C-F6BE-400F-9583-866737DF263A}"
EndProject
Global
	GlobalSection(SolutionConfigurationPlatforms) = preSolution
		Debug|Any CPU = Debug|Any CPU
		Release|Any CPU = Release|Any CPU
	EndGlobalSection
	GlobalSection(ProjectConfigurationPlatforms) = postSolution
		{C762737C-F6BE-400F-9583-866737DF263A}.Debug|Any CPU.ActiveCfg = Debug|Any CPU
		{C762737C-F6BE-400F-9583-866737DF263A}.Debug|Any CPU.Build.0 = Debug|Any CPU
		{C762737C-F6BE-400F-9583-866737DF263A}.Release|Any CPU.ActiveCfg = Release|Any CPU
		{C762737C-F6BE-400F-9583-866737DF263A}.Release|Any CPU.Build.0 = Release|Any CPU
	EndGlobalSection
	GlobalSection(SolutionProperties) = preSolution
		HideSolutionNode = FALSE
	EndGlobalSection
	GlobalSection(ExtensibilityGlobals) = postSolution
		SolutionGuid = {BE651F63-3B25-485B-B77B-6AD66AA552B0}
	EndGlobalSection
EndGlobal
