
Microsoft Visual Studio Solution File, Format Version 12.00
# Visual Studio 15
VisualStudioVersion = 15.0.28307.779
MinimumVisualStudioVersion = 10.0.40219.1
Project("{FAE04EC0-301F-11D3-BF4B-00C04F79EFBC}") = "assignment 2", "assignment 2\assignment 2.csproj", "{15160767-0C4E-442A-930D-7550547DAE94}"
EndProject
Global
	GlobalSection(SolutionConfigurationPlatforms) = preSolution
		Debug|Any CPU = Debug|Any CPU
		Release|Any CPU = Release|Any CPU
	EndGlobalSection
	GlobalSection(ProjectConfigurationPlatforms) = postSolution
		{15160767-0C4E-442A-930D-7550547DAE94}.Debug|Any CPU.ActiveCfg = Debug|Any CPU
		{15160767-0C4E-442A-930D-7550547DAE94}.Debug|Any CPU.Build.0 = Debug|Any CPU
		{15160767-0C4E-442A-930D-7550547DAE94}.Release|Any CPU.ActiveCfg = Release|Any CPU
		{15160767-0C4E-442A-930D-7550547DAE94}.Release|Any CPU.Build.0 = Release|Any CPU
	EndGlobalSection
	GlobalSection(SolutionProperties) = preSolution
		HideSolutionNode = FALSE
	EndGlobalSection
	GlobalSection(ExtensibilityGlobals) = postSolution
		SolutionGuid = {F2987CC4-231A-4E89-900F-B12DF2166BDD}
	EndGlobalSection
EndGlobal
