
Microsoft Visual Studio Solution File, Format Version 12.00
# Visual Studio 15
VisualStudioVersion = 15.0.28307.779
MinimumVisualStudioVersion = 10.0.40219.1
Project("{FAE04EC0-301F-11D3-BF4B-00C04F79EFBC}") = "Assignment4", "Assignment4\Assignment4.csproj", "{A6DFE020-2948-490F-98D7-E889C76CD98C}"
EndProject
Global
	GlobalSection(SolutionConfigurationPlatforms) = preSolution
		Debug|Any CPU = Debug|Any CPU
		Release|Any CPU = Release|Any CPU
	EndGlobalSection
	GlobalSection(ProjectConfigurationPlatforms) = postSolution
		{A6DFE020-2948-490F-98D7-E889C76CD98C}.Debug|Any CPU.ActiveCfg = Debug|Any CPU
		{A6DFE020-2948-490F-98D7-E889C76CD98C}.Debug|Any CPU.Build.0 = Debug|Any CPU
		{A6DFE020-2948-490F-98D7-E889C76CD98C}.Release|Any CPU.ActiveCfg = Release|Any CPU
		{A6DFE020-2948-490F-98D7-E889C76CD98C}.Release|Any CPU.Build.0 = Release|Any CPU
	EndGlobalSection
	GlobalSection(SolutionProperties) = preSolution
		HideSolutionNode = FALSE
	EndGlobalSection
	GlobalSection(ExtensibilityGlobals) = postSolution
		SolutionGuid = {E1091F03-0003-4CD9-B749-3B0A22452F0D}
	EndGlobalSection
EndGlobal
